
Microsoft Visual Studio Solution File, Format Version 12.00
# Visual Studio 14
VisualStudioVersion = 14.0.25123.0
MinimumVisualStudioVersion = 10.0.40219.1
Project("{FAE04EC0-301F-11D3-BF4B-00C04F79EFBC}") = "FeMMORPG.Server", "FeMMORPG.Server\FeMMORPG.Server.csproj", "{06C7D0A1-E2AA-44C9-99C5-B8ED86E17535}"
EndProject
Project("{FAE04EC0-301F-11D3-BF4B-00C04F79EFBC}") = "FeMMORPG.Client", "FeMMORPG.Client\FeMMORPG.Client.csproj", "{04B48BA5-3202-4907-9636-096EBD809F87}"
EndProject
Project("{FAE04EC0-301F-11D3-BF4B-00C04F79EFBC}") = "FeMMORPG.Common", "FeMMORPG.Network\FeMMORPG.Common.csproj", "{22CF02FE-90E3-4A65-AB2E-9B2CD58B6580}"
EndProject
Project("{FAE04EC0-301F-11D3-BF4B-00C04F79EFBC}") = "FeMMORPG.SyncServer", "FeMMORPG.SyncServer\FeMMORPG.SyncServer.csproj", "{E3170CAF-BA27-42AD-8A90-8F9ABFDB7306}"
EndProject
Project("{2150E333-8FDC-42A3-9474-1A3956D46DE8}") = "Core", "Core", "{F4C5940A-87A0-4EE2-B008-13488793A814}"
EndProject
Project("{2150E333-8FDC-42A3-9474-1A3956D46DE8}") = "Infrastructure", "Infrastructure", "{C44552D2-AAE9-4BE5-BA0D-A2FFBB473AEA}"
EndProject
Project("{2150E333-8FDC-42A3-9474-1A3956D46DE8}") = "Presentation", "Presentation", "{8EA328D0-D8F1-42BA-ADF5-9FD69E3F1E62}"
EndProject
Project("{FAE04EC0-301F-11D3-BF4B-00C04F79EFBC}") = "FeMMORPG.Synchronization", "FeMMORPG.Synchronization\FeMMORPG.Synchronization.csproj", "{A52F0388-1472-4E37-ADD8-0563E7F2FB43}"
EndProject
Project("{2150E333-8FDC-42A3-9474-1A3956D46DE8}") = "Solution Items", "Solution Items", "{AE570110-F02D-45F2-815B-0A718784B97C}"
	ProjectSection(SolutionItems) = preProject
		todo.txt = todo.txt
	EndProjectSection
EndProject
Project("{FAE04EC0-301F-11D3-BF4B-00C04F79EFBC}") = "FeMMORPG.LoginServer", "LoginServer\FeMMORPG.LoginServer.csproj", "{2977510B-B5F8-434E-8639-E6F2E38E8704}"
EndProject
Project("{2150E333-8FDC-42A3-9474-1A3956D46DE8}") = "Web", "Web", "{452B9E09-433A-4178-8498-06CC8252A490}"
EndProject
Project("{FAE04EC0-301F-11D3-BF4B-00C04F79EFBC}") = "FeMMORPG.Data", "FeMMORPG.Data\FeMMORPG.Data.csproj", "{64952F3F-A858-44E4-9766-DE607724D76F}"
EndProject
Project("{FAE04EC0-301F-11D3-BF4B-00C04F79EFBC}") = "FeMMORPG.Client.Win", "FeMMORPG.Client.Win\FeMMORPG.Client.Win.csproj", "{21F3201C-B91F-4C54-83B5-881C5EA35490}"
EndProject
Project("{FAE04EC0-301F-11D3-BF4B-00C04F79EFBC}") = "FeMMORPG.Client.Mono", "FeMMORPG.Client.Mono\FeMMORPG.Client.Mono.csproj", "{44A560BF-2CFF-4849-ABEF-C9FBDC785426}"
EndProject
Global
	GlobalSection(SolutionConfigurationPlatforms) = preSolution
		Debug|Any CPU = Debug|Any CPU
		Debug|x64 = Debug|x64
		Debug|x86 = Debug|x86
		Release|Any CPU = Release|Any CPU
		Release|x64 = Release|x64
		Release|x86 = Release|x86
	EndGlobalSection
	GlobalSection(ProjectConfigurationPlatforms) = postSolution
		{06C7D0A1-E2AA-44C9-99C5-B8ED86E17535}.Debug|Any CPU.ActiveCfg = Debug|Any CPU
		{06C7D0A1-E2AA-44C9-99C5-B8ED86E17535}.Debug|Any CPU.Build.0 = Debug|Any CPU
		{06C7D0A1-E2AA-44C9-99C5-B8ED86E17535}.Debug|x64.ActiveCfg = Debug|Any CPU
		{06C7D0A1-E2AA-44C9-99C5-B8ED86E17535}.Debug|x64.Build.0 = Debug|Any CPU
		{06C7D0A1-E2AA-44C9-99C5-B8ED86E17535}.Debug|x86.ActiveCfg = Debug|Any CPU
		{06C7D0A1-E2AA-44C9-99C5-B8ED86E17535}.Debug|x86.Build.0 = Debug|Any CPU
		{06C7D0A1-E2AA-44C9-99C5-B8ED86E17535}.Release|Any CPU.ActiveCfg = Release|Any CPU
		{06C7D0A1-E2AA-44C9-99C5-B8ED86E17535}.Release|Any CPU.Build.0 = Release|Any CPU
		{06C7D0A1-E2AA-44C9-99C5-B8ED86E17535}.Release|x64.ActiveCfg = Release|Any CPU
		{06C7D0A1-E2AA-44C9-99C5-B8ED86E17535}.Release|x64.Build.0 = Release|Any CPU
		{06C7D0A1-E2AA-44C9-99C5-B8ED86E17535}.Release|x86.ActiveCfg = Release|Any CPU
		{06C7D0A1-E2AA-44C9-99C5-B8ED86E17535}.Release|x86.Build.0 = Release|Any CPU
		{04B48BA5-3202-4907-9636-096EBD809F87}.Debug|Any CPU.ActiveCfg = Debug|Any CPU
		{04B48BA5-3202-4907-9636-096EBD809F87}.Debug|Any CPU.Build.0 = Debug|Any CPU
		{04B48BA5-3202-4907-9636-096EBD809F87}.Debug|x64.ActiveCfg = Debug|Any CPU
		{04B48BA5-3202-4907-9636-096EBD809F87}.Debug|x64.Build.0 = Debug|Any CPU
		{04B48BA5-3202-4907-9636-096EBD809F87}.Debug|x86.ActiveCfg = Debug|Any CPU
		{04B48BA5-3202-4907-9636-096EBD809F87}.Debug|x86.Build.0 = Debug|Any CPU
		{04B48BA5-3202-4907-9636-096EBD809F87}.Release|Any CPU.ActiveCfg = Release|Any CPU
		{04B48BA5-3202-4907-9636-096EBD809F87}.Release|Any CPU.Build.0 = Release|Any CPU
		{04B48BA5-3202-4907-9636-096EBD809F87}.Release|x64.ActiveCfg = Release|Any CPU
		{04B48BA5-3202-4907-9636-096EBD809F87}.Release|x64.Build.0 = Release|Any CPU
		{04B48BA5-3202-4907-9636-096EBD809F87}.Release|x86.ActiveCfg = Release|Any CPU
		{04B48BA5-3202-4907-9636-096EBD809F87}.Release|x86.Build.0 = Release|Any CPU
		{22CF02FE-90E3-4A65-AB2E-9B2CD58B6580}.Debug|Any CPU.ActiveCfg = Debug|Any CPU
		{22CF02FE-90E3-4A65-AB2E-9B2CD58B6580}.Debug|Any CPU.Build.0 = Debug|Any CPU
		{22CF02FE-90E3-4A65-AB2E-9B2CD58B6580}.Debug|x64.ActiveCfg = Debug|Any CPU
		{22CF02FE-90E3-4A65-AB2E-9B2CD58B6580}.Debug|x64.Build.0 = Debug|Any CPU
		{22CF02FE-90E3-4A65-AB2E-9B2CD58B6580}.Debug|x86.ActiveCfg = Debug|Any CPU
		{22CF02FE-90E3-4A65-AB2E-9B2CD58B6580}.Debug|x86.Build.0 = Debug|Any CPU
		{22CF02FE-90E3-4A65-AB2E-9B2CD58B6580}.Release|Any CPU.ActiveCfg = Release|Any CPU
		{22CF02FE-90E3-4A65-AB2E-9B2CD58B6580}.Release|Any CPU.Build.0 = Release|Any CPU
		{22CF02FE-90E3-4A65-AB2E-9B2CD58B6580}.Release|x64.ActiveCfg = Release|Any CPU
		{22CF02FE-90E3-4A65-AB2E-9B2CD58B6580}.Release|x64.Build.0 = Release|Any CPU
		{22CF02FE-90E3-4A65-AB2E-9B2CD58B6580}.Release|x86.ActiveCfg = Release|Any CPU
		{22CF02FE-90E3-4A65-AB2E-9B2CD58B6580}.Release|x86.Build.0 = Release|Any CPU
		{E3170CAF-BA27-42AD-8A90-8F9ABFDB7306}.Debug|Any CPU.ActiveCfg = Debug|Any CPU
		{E3170CAF-BA27-42AD-8A90-8F9ABFDB7306}.Debug|Any CPU.Build.0 = Debug|Any CPU
		{E3170CAF-BA27-42AD-8A90-8F9ABFDB7306}.Debug|x64.ActiveCfg = Debug|Any CPU
		{E3170CAF-BA27-42AD-8A90-8F9ABFDB7306}.Debug|x64.Build.0 = Debug|Any CPU
		{E3170CAF-BA27-42AD-8A90-8F9ABFDB7306}.Debug|x86.ActiveCfg = Debug|Any CPU
		{E3170CAF-BA27-42AD-8A90-8F9ABFDB7306}.Debug|x86.Build.0 = Debug|Any CPU
		{E3170CAF-BA27-42AD-8A90-8F9ABFDB7306}.Release|Any CPU.ActiveCfg = Release|Any CPU
		{E3170CAF-BA27-42AD-8A90-8F9ABFDB7306}.Release|Any CPU.Build.0 = Release|Any CPU
		{E3170CAF-BA27-42AD-8A90-8F9ABFDB7306}.Release|x64.ActiveCfg = Release|Any CPU
		{E3170CAF-BA27-42AD-8A90-8F9ABFDB7306}.Release|x64.Build.0 = Release|Any CPU
		{E3170CAF-BA27-42AD-8A90-8F9ABFDB7306}.Release|x86.ActiveCfg = Release|Any CPU
		{E3170CAF-BA27-42AD-8A90-8F9ABFDB7306}.Release|x86.Build.0 = Release|Any CPU
		{A52F0388-1472-4E37-ADD8-0563E7F2FB43}.Debug|Any CPU.ActiveCfg = Debug|Any CPU
		{A52F0388-1472-4E37-ADD8-0563E7F2FB43}.Debug|Any CPU.Build.0 = Debug|Any CPU
		{A52F0388-1472-4E37-ADD8-0563E7F2FB43}.Debug|x64.ActiveCfg = Debug|Any CPU
		{A52F0388-1472-4E37-ADD8-0563E7F2FB43}.Debug|x64.Build.0 = Debug|Any CPU
		{A52F0388-1472-4E37-ADD8-0563E7F2FB43}.Debug|x86.ActiveCfg = Debug|Any CPU
		{A52F0388-1472-4E37-ADD8-0563E7F2FB43}.Debug|x86.Build.0 = Debug|Any CPU
		{A52F0388-1472-4E37-ADD8-0563E7F2FB43}.Release|Any CPU.ActiveCfg = Release|Any CPU
		{A52F0388-1472-4E37-ADD8-0563E7F2FB43}.Release|Any CPU.Build.0 = Release|Any CPU
		{A52F0388-1472-4E37-ADD8-0563E7F2FB43}.Release|x64.ActiveCfg = Release|Any CPU
		{A52F0388-1472-4E37-ADD8-0563E7F2FB43}.Release|x64.Build.0 = Release|Any CPU
		{A52F0388-1472-4E37-ADD8-0563E7F2FB43}.Release|x86.ActiveCfg = Release|Any CPU
		{A52F0388-1472-4E37-ADD8-0563E7F2FB43}.Release|x86.Build.0 = Release|Any CPU
		{2977510B-B5F8-434E-8639-E6F2E38E8704}.Debug|Any CPU.ActiveCfg = Debug|Any CPU
		{2977510B-B5F8-434E-8639-E6F2E38E8704}.Debug|Any CPU.Build.0 = Debug|Any CPU
		{2977510B-B5F8-434E-8639-E6F2E38E8704}.Debug|x64.ActiveCfg = Debug|Any CPU
		{2977510B-B5F8-434E-8639-E6F2E38E8704}.Debug|x64.Build.0 = Debug|Any CPU
		{2977510B-B5F8-434E-8639-E6F2E38E8704}.Debug|x86.ActiveCfg = Debug|Any CPU
		{2977510B-B5F8-434E-8639-E6F2E38E8704}.Debug|x86.Build.0 = Debug|Any CPU
		{2977510B-B5F8-434E-8639-E6F2E38E8704}.Release|Any CPU.ActiveCfg = Release|Any CPU
		{2977510B-B5F8-434E-8639-E6F2E38E8704}.Release|Any CPU.Build.0 = Release|Any CPU
		{2977510B-B5F8-434E-8639-E6F2E38E8704}.Release|x64.ActiveCfg = Release|Any CPU
		{2977510B-B5F8-434E-8639-E6F2E38E8704}.Release|x64.Build.0 = Release|Any CPU
		{2977510B-B5F8-434E-8639-E6F2E38E8704}.Release|x86.ActiveCfg = Release|Any CPU
		{2977510B-B5F8-434E-8639-E6F2E38E8704}.Release|x86.Build.0 = Release|Any CPU
		{64952F3F-A858-44E4-9766-DE607724D76F}.Debug|Any CPU.ActiveCfg = Debug|Any CPU
		{64952F3F-A858-44E4-9766-DE607724D76F}.Debug|Any CPU.Build.0 = Debug|Any CPU
		{64952F3F-A858-44E4-9766-DE607724D76F}.Debug|x64.ActiveCfg = Debug|Any CPU
		{64952F3F-A858-44E4-9766-DE607724D76F}.Debug|x64.Build.0 = Debug|Any CPU
		{64952F3F-A858-44E4-9766-DE607724D76F}.Debug|x86.ActiveCfg = Debug|Any CPU
		{64952F3F-A858-44E4-9766-DE607724D76F}.Debug|x86.Build.0 = Debug|Any CPU
		{64952F3F-A858-44E4-9766-DE607724D76F}.Release|Any CPU.ActiveCfg = Release|Any CPU
		{64952F3F-A858-44E4-9766-DE607724D76F}.Release|Any CPU.Build.0 = Release|Any CPU
		{64952F3F-A858-44E4-9766-DE607724D76F}.Release|x64.ActiveCfg = Release|Any CPU
		{64952F3F-A858-44E4-9766-DE607724D76F}.Release|x64.Build.0 = Release|Any CPU
		{64952F3F-A858-44E4-9766-DE607724D76F}.Release|x86.ActiveCfg = Release|Any CPU
		{64952F3F-A858-44E4-9766-DE607724D76F}.Release|x86.Build.0 = Release|Any CPU
		{21F3201C-B91F-4C54-83B5-881C5EA35490}.Debug|Any CPU.ActiveCfg = Debug|Any CPU
		{21F3201C-B91F-4C54-83B5-881C5EA35490}.Debug|Any CPU.Build.0 = Debug|Any CPU
		{21F3201C-B91F-4C54-83B5-881C5EA35490}.Debug|x64.ActiveCfg = Debug|Any CPU
		{21F3201C-B91F-4C54-83B5-881C5EA35490}.Debug|x64.Build.0 = Debug|Any CPU
		{21F3201C-B91F-4C54-83B5-881C5EA35490}.Debug|x86.ActiveCfg = Debug|Any CPU
		{21F3201C-B91F-4C54-83B5-881C5EA35490}.Debug|x86.Build.0 = Debug|Any CPU
		{21F3201C-B91F-4C54-83B5-881C5EA35490}.Release|Any CPU.ActiveCfg = Release|Any CPU
		{21F3201C-B91F-4C54-83B5-881C5EA35490}.Release|Any CPU.Build.0 = Release|Any CPU
		{21F3201C-B91F-4C54-83B5-881C5EA35490}.Release|x64.ActiveCfg = Release|Any CPU
		{21F3201C-B91F-4C54-83B5-881C5EA35490}.Release|x64.Build.0 = Release|Any CPU
		{21F3201C-B91F-4C54-83B5-881C5EA35490}.Release|x86.ActiveCfg = Release|Any CPU
		{21F3201C-B91F-4C54-83B5-881C5EA35490}.Release|x86.Build.0 = Release|Any CPU
		{44A560BF-2CFF-4849-ABEF-C9FBDC785426}.Debug|Any CPU.ActiveCfg = Debug|x86
		{44A560BF-2CFF-4849-ABEF-C9FBDC785426}.Debug|x64.ActiveCfg = Debug|x86
		{44A560BF-2CFF-4849-ABEF-C9FBDC785426}.Debug|x86.ActiveCfg = Debug|x86
		{44A560BF-2CFF-4849-ABEF-C9FBDC785426}.Debug|x86.Build.0 = Debug|x86
		{44A560BF-2CFF-4849-ABEF-C9FBDC785426}.Release|Any CPU.ActiveCfg = Release|x86
		{44A560BF-2CFF-4849-ABEF-C9FBDC785426}.Release|x64.ActiveCfg = Release|x86
		{44A560BF-2CFF-4849-ABEF-C9FBDC785426}.Release|x86.ActiveCfg = Release|x86
		{44A560BF-2CFF-4849-ABEF-C9FBDC785426}.Release|x86.Build.0 = Release|x86
	EndGlobalSection
	GlobalSection(SolutionProperties) = preSolution
		HideSolutionNode = FALSE
	EndGlobalSection
	GlobalSection(NestedProjects) = preSolution
		{06C7D0A1-E2AA-44C9-99C5-B8ED86E17535} = {8EA328D0-D8F1-42BA-ADF5-9FD69E3F1E62}
		{04B48BA5-3202-4907-9636-096EBD809F87} = {8EA328D0-D8F1-42BA-ADF5-9FD69E3F1E62}
		{22CF02FE-90E3-4A65-AB2E-9B2CD58B6580} = {F4C5940A-87A0-4EE2-B008-13488793A814}
		{E3170CAF-BA27-42AD-8A90-8F9ABFDB7306} = {452B9E09-433A-4178-8498-06CC8252A490}
		{A52F0388-1472-4E37-ADD8-0563E7F2FB43} = {C44552D2-AAE9-4BE5-BA0D-A2FFBB473AEA}
		{2977510B-B5F8-434E-8639-E6F2E38E8704} = {452B9E09-433A-4178-8498-06CC8252A490}
		{452B9E09-433A-4178-8498-06CC8252A490} = {8EA328D0-D8F1-42BA-ADF5-9FD69E3F1E62}
		{64952F3F-A858-44E4-9766-DE607724D76F} = {C44552D2-AAE9-4BE5-BA0D-A2FFBB473AEA}
		{21F3201C-B91F-4C54-83B5-881C5EA35490} = {8EA328D0-D8F1-42BA-ADF5-9FD69E3F1E62}
		{44A560BF-2CFF-4849-ABEF-C9FBDC785426} = {8EA328D0-D8F1-42BA-ADF5-9FD69E3F1E62}
	EndGlobalSection
EndGlobal
